
Microsoft Visual Studio Solution File, Format Version 12.00
# Visual Studio 15
VisualStudioVersion = 15.0.28010.2036
MinimumVisualStudioVersion = 10.0.40219.1
Project("{FAE04EC0-301F-11D3-BF4B-00C04F79EFBC}") = "ConfigProject", "ConfigProject\ConfigProject.csproj", "{F9D22550-77F6-4959-9CCF-3FB8FC214A4E}"
EndProject
Global
	GlobalSection(SolutionConfigurationPlatforms) = preSolution
		Debug|Any CPU = Debug|Any CPU
		desenv|Any CPU = desenv|Any CPU
		prod|Any CPU = prod|Any CPU
		Release|Any CPU = Release|Any CPU
	EndGlobalSection
	GlobalSection(ProjectConfigurationPlatforms) = postSolution
		{F9D22550-77F6-4959-9CCF-3FB8FC214A4E}.Debug|Any CPU.ActiveCfg = Debug|Any CPU
		{F9D22550-77F6-4959-9CCF-3FB8FC214A4E}.Debug|Any CPU.Build.0 = Debug|Any CPU
		{F9D22550-77F6-4959-9CCF-3FB8FC214A4E}.desenv|Any CPU.ActiveCfg = desenv|Any CPU
		{F9D22550-77F6-4959-9CCF-3FB8FC214A4E}.desenv|Any CPU.Build.0 = desenv|Any CPU
		{F9D22550-77F6-4959-9CCF-3FB8FC214A4E}.prod|Any CPU.ActiveCfg = prod|Any CPU
		{F9D22550-77F6-4959-9CCF-3FB8FC214A4E}.prod|Any CPU.Build.0 = prod|Any CPU
		{F9D22550-77F6-4959-9CCF-3FB8FC214A4E}.Release|Any CPU.ActiveCfg = Release|Any CPU
		{F9D22550-77F6-4959-9CCF-3FB8FC214A4E}.Release|Any CPU.Build.0 = Release|Any CPU
	EndGlobalSection
	GlobalSection(SolutionProperties) = preSolution
		HideSolutionNode = FALSE
	EndGlobalSection
	GlobalSection(ExtensibilityGlobals) = postSolution
		SolutionGuid = {6A5D0049-D27F-47D3-8337-04B047806866}
	EndGlobalSection
EndGlobal
